
Microsoft Visual Studio Solution File, Format Version 12.00
# Visual Studio Version 16
VisualStudioVersion = 16.0.31702.278
MinimumVisualStudioVersion = 10.0.40219.1
Project("{FAE04EC0-301F-11D3-BF4B-00C04F79EFBC}") = "50-50", "50-50\50-50.csproj", "{B4CBCB81-2D4F-49F2-87A6-CDD84AE3C90F}"
EndProject
Global
	GlobalSection(SolutionConfigurationPlatforms) = preSolution
		Debug|Any CPU = Debug|Any CPU
		Release|Any CPU = Release|Any CPU
	EndGlobalSection
	GlobalSection(ProjectConfigurationPlatforms) = postSolution
		{B4CBCB81-2D4F-49F2-87A6-CDD84AE3C90F}.Debug|Any CPU.ActiveCfg = Debug|Any CPU
		{B4CBCB81-2D4F-49F2-87A6-CDD84AE3C90F}.Debug|Any CPU.Build.0 = Debug|Any CPU
		{B4CBCB81-2D4F-49F2-87A6-CDD84AE3C90F}.Release|Any CPU.ActiveCfg = Release|Any CPU
		{B4CBCB81-2D4F-49F2-87A6-CDD84AE3C90F}.Release|Any CPU.Build.0 = Release|Any CPU
	EndGlobalSection
	GlobalSection(SolutionProperties) = preSolution
		HideSolutionNode = FALSE
	EndGlobalSection
	GlobalSection(ExtensibilityGlobals) = postSolution
		SolutionGuid = {1BF50DD5-5F8C-4EE5-93BE-FAA5343B8213}
	EndGlobalSection
EndGlobal
